
Microsoft Visual Studio Solution File, Format Version 11.00
# Visual Studio 2010
Project("{FAE04EC0-301F-11D3-BF4B-00C04F79EFBC}") = "AudioSpectrum", "Assembly-CSharp-firstpass.csproj", "{450AD244-7689-C9ED-E615-66B96BA53E5A}"
EndProject
Project("{FAE04EC0-301F-11D3-BF4B-00C04F79EFBC}") = "AudioSpectrum", "Assembly-CSharp.csproj", "{CBB36DB1-7A16-E0DB-7D35-B96D72C423BB}"
EndProject
Project("{FAE04EC0-301F-11D3-BF4B-00C04F79EFBC}") = "AudioSpectrum", "Assembly-CSharp-Editor.csproj", "{24D5379F-24C3-AC8B-E23B-738B7B7AE37E}"
EndProject
Global
	GlobalSection(SolutionConfigurationPlatforms) = preSolution
		Debug|Any CPU = Debug|Any CPU
		Release|Any CPU = Release|Any CPU
	EndGlobalSection
	GlobalSection(ProjectConfigurationPlatforms) = postSolution
		{450AD244-7689-C9ED-E615-66B96BA53E5A}.Debug|Any CPU.ActiveCfg = Debug|Any CPU
		{450AD244-7689-C9ED-E615-66B96BA53E5A}.Debug|Any CPU.Build.0 = Debug|Any CPU
		{450AD244-7689-C9ED-E615-66B96BA53E5A}.Release|Any CPU.ActiveCfg = Release|Any CPU
		{450AD244-7689-C9ED-E615-66B96BA53E5A}.Release|Any CPU.Build.0 = Release|Any CPU
		{CBB36DB1-7A16-E0DB-7D35-B96D72C423BB}.Debug|Any CPU.ActiveCfg = Debug|Any CPU
		{CBB36DB1-7A16-E0DB-7D35-B96D72C423BB}.Debug|Any CPU.Build.0 = Debug|Any CPU
		{CBB36DB1-7A16-E0DB-7D35-B96D72C423BB}.Release|Any CPU.ActiveCfg = Release|Any CPU
		{CBB36DB1-7A16-E0DB-7D35-B96D72C423BB}.Release|Any CPU.Build.0 = Release|Any CPU
		{24D5379F-24C3-AC8B-E23B-738B7B7AE37E}.Debug|Any CPU.ActiveCfg = Debug|Any CPU
		{24D5379F-24C3-AC8B-E23B-738B7B7AE37E}.Debug|Any CPU.Build.0 = Debug|Any CPU
		{24D5379F-24C3-AC8B-E23B-738B7B7AE37E}.Release|Any CPU.ActiveCfg = Release|Any CPU
		{24D5379F-24C3-AC8B-E23B-738B7B7AE37E}.Release|Any CPU.Build.0 = Release|Any CPU
	EndGlobalSection
	GlobalSection(SolutionProperties) = preSolution
		HideSolutionNode = FALSE
	EndGlobalSection
	GlobalSection(MonoDevelopProperties) = preSolution
		StartupItem = Assembly-CSharp.csproj
	EndGlobalSection
EndGlobal
